<?xml version="1.0" encoding="UTF-8" standalone="yes" ?>
<CodeBlocks_project_file>
	<FileVersion major="1" minor="6" />
	<Project>
		<Option title="Fu(X) 2.0" />
		<Option pch_mode="2" />
		<Option compiler="gcc" />
		<Option show_notes="0">
			<notes>
				<![CDATA[Lecoconnier David
Projet <Fu(X) 2.0>
david.lecoconnier@free.fr
Créé le 24/07/2009

IMPORTANT, A FAIRE !!!

0- Terminer Musique en ajoutant FichierLog

1- Page PlayList :
	a. Revoir les fonctions MAJ et ChangementChanson (SetTextColour...) 
	b. Une file pour les événements de MAJ (ou vecteur ??)
	c. Fenêtre détails des titres (association fichier .lrc)

2- Problèmes sous XP : bogue lorsqu'il y a utilisation d'un fichier au commencement de la lecture et avec la partie gestion des périphs !

3- Mettre en place un fichier log pour la maintenance et la correction d'erreur

4-Ajouter *.wma (en cours)

5- DnD mise dans un dossier

6- BDD générale

7- Convertir un M3U en dossier avec la totalité des titres présents dans le fichier]]>
			</notes>
		</Option>
		<Build>
			<Target title="WinRelease">
				<Option platforms="Windows;" />
				<Option output="out/program_files/Fu(X)" prefix_auto="1" extension_auto="1" />
				<Option working_dir="out/program_files" />
				<Option object_output="obj/Release/" />
				<Option type="0" />
				<Option compiler="gcc" />
				<Option projectLinkerOptionsRelation="2" />
				<Compiler>
					<Add option="-O2" />
				</Compiler>
				<Linker>
					<Add option="-s" />
					<Add library="$(#wxtools.LIB)/libwxtools.a" />
				</Linker>
			</Target>
			<Target title="WinDebug">
				<Option platforms="Windows;" />
				<Option output="out/program_files/Fu(X)_d" prefix_auto="1" extension_auto="1" />
				<Option working_dir="out/program_files" />
				<Option object_output="obj/Debug/" />
				<Option type="0" />
				<Option compiler="gcc" />
				<Option projectLinkerOptionsRelation="2" />
				<Compiler>
					<Add option="-Wall" />
					<Add option="-Og" />
					<Add option="-g" />
					<Add option="-DDEBUG" />
				</Compiler>
				<Linker>
					<Add library="$(#wxtools.LIB)/libwxtoolsd.a" />
				</Linker>
			</Target>
			<Target title="WinReleaseDBG">
				<Option platforms="Windows;" />
				<Option output="out/program_files/Fu(X)" prefix_auto="1" extension_auto="1" />
				<Option working_dir="out/program_files" />
				<Option object_output="obj/Release/" />
				<Option type="0" />
				<Option compiler="gcc" />
				<Option projectLinkerOptionsRelation="2" />
				<Compiler>
					<Add option="-Og" />
					<Add option="-g" />
				</Compiler>
				<Linker>
					<Add library="$(#wxtools.LIB)/libwxtoolsd.a" />
				</Linker>
			</Target>
			<Environment>
				<Variable name="AU" value="u" />
				<Variable name="AURD" value="$(AU)$(RD)" />
				<Variable name="FMODEX" value="${DIR_LIB_FMODEX}\api" />
				<Variable name="RD" value="" />
				<Variable name="SQLITE3" value="${WXSQLITE3}\sqlite3" />
				<Variable name="TAGLIB" value="${DIR_LIB_TAGLIB}\taglib" />
				<Variable name="WXSQLITE3" value="${DIR_LIB_WXSQLITE3}" />
				<Variable name="WX_CFG" value="msw$(AURD)" />
				<Variable name="WX_DIR" value="$(DIR_LIB_WXWIDGETS)" />
				<Variable name="WX_GL_VER" value="GL" />
				<Variable name="WX_VER1" value="3" />
				<Variable name="WX_VER2" value="1" />
				<Variable name="WX_VER3" value="0" />
				<Variable name="__WX_VERSION__" value="${WX_VER1}.${WX_VER2}.${WX_VER3}" />
			</Environment>
		</Build>
		<Compiler>
			<Add option="-std=c++11" />
			<Add option="-pipe" />
			<Add option="-mthreads" />
			<Add option='[[if (PLATFORM == PLATFORM_MSW &amp;&amp; (GetCompilerFactory().GetCompilerVersionString(_T(&quot;gcc&quot;)) &gt;= _T(&quot;4.0.0&quot;))) print(_T(&quot;-Wno-attributes&quot;));]]' />
			<Add option="-std=gnu++11" />
			<Add option="-D__GNUWIN32__" />
			<Add option="-D__WXMSW__" />
			<Add option="-DwxUSE_UNICODE" />
			<Add directory="$(#wx.INCLUDE)" />
			<Add directory="$(#wx.INCLUDE)/contrib/include" />
			<Add directory="$(#wx.LIB)" />
			<Add directory="$(#sqlite3.INCLUDE)" />
			<Add directory="$(#wxsqlite3.INCLUDE)" />
			<Add directory="$(#fmod.INCLUDE)" />
			<Add directory="$(#taglib.INCLUDE)" />
			<Add directory="$(#wxtools.INCLUDE)" />
			<Add directory="include" />
			<Add directory="include/application" />
			<Add directory="include/database" />
			<Add directory="include/db" />
			<Add directory="include/explorer" />
			<Add directory="include/explorer/state" />
			<Add directory="include/GUI" />
			<Add directory="include/GUI/dialogs" />
			<Add directory="include/GUI/explorer" />
			<Add directory="include/GUI/tools" />
			<Add directory="include/GUI/widgets" />
			<Add directory="include/music" />
			<Add directory="include/network" />
			<Add directory="include/predicates" />
			<Add directory="include/ressources" />
			<Add directory="include/settings" />
			<Add directory="include/tools" />
			<Add directory="include/tools/dir_traverser" />
			<Add directory="include/tools/dnd" />
			<Add directory="include/tools/dnd/targets" />
			<Add directory="include/tools/dnd/dataObjects" />
		</Compiler>
		<ResourceCompiler>
			<Add directory="$(#wx.INCLUDE)" />
		</ResourceCompiler>
		<Linker>
			<Add library="$(#wxsqlite3.LIB)/libwxcode_msw$(WX_VER1)$(WX_VER2)$(AURD)_wxsqlite3.a" />
			<Add library="$(#sqlite3.LIB)/sqlite3.a" />
			<Add library="libwxmsw$(WX_VER1)$(WX_VER2)$(AURD)_gl.a" />
			<Add library="libwxmsw$(WX_VER1)$(WX_VER2)$(AURD)_core.a" />
			<Add library="libwxbase$(WX_VER1)$(WX_VER2)$(AURD)_net.a" />
			<Add library="libwxbase$(WX_VER1)$(WX_VER2)$(AURD)_xml.a" />
			<Add library="libwxbase$(WX_VER1)$(WX_VER2)$(AURD).a" />
			<Add library="libwxpng$(RD).a" />
			<Add library="libwxmsw$(WX_VER1)$(WX_VER2)$(AURD)_xrc.a" />
			<Add library="libwxjpeg$(RD).a" />
			<Add library="libwxzlib$(RD).a" />
			<Add library="libwxregex$(AURD).a" />
			<Add library="libwxexpat$(RD).a" />
			<Add library="libwxmsw$(WX_VER1)$(WX_VER2)$(AURD)_adv.a" />
			<Add library="libkernel32.a" />
			<Add library="libuser32.a" />
			<Add library="libgdi32.a" />
			<Add library="libcomdlg32.a" />
			<Add library="libwinspool.a" />
			<Add library="libwinmm" />
			<Add library="libshell32.a" />
			<Add library="libcomctl32.a" />
			<Add library="libole32.a" />
			<Add library="liboleaut32.a" />
			<Add library="libuuid.a" />
			<Add library="libodbc32.a" />
			<Add library="libadvapi32.a" />
			<Add library="libwsock32.a" />
			<Add library="libopengl32.a" />
			<Add library="libglu32.a" />
			<Add library="$(#fmod.LIB)/libfmodex.a" />
			<Add library="$(#taglib.LIB)/libtag.dll.a" />
			<Add library="$(#mingw.LIB)/libshlwapi.a" />
			<Add library="$(#mingw.LIB)/libversion.a" />
			<Add directory="$(#wx.LIB)" />
			<Add directory="$(#sqlite3.LIB)" />
			<Add directory="$(#wxsqlite3.LIB)" />
			<Add directory="$(#wxtools.LIB)" />
		</Linker>
		<Unit filename="include/Classes.h" />
		<Unit filename="include/Define.h" />
		<Unit filename="include/GUI/dialogs/DialogEnregistreM3U.h" />
		<Unit filename="include/GUI/dialogs/DialogTagMP3.h" />
		<Unit filename="include/GUI/dialogs/DialogTagMP3Info.h" />
		<Unit filename="include/GUI/explorer/DriveManagersPanel.h" />
		<Unit filename="include/GUI/explorer/ExplorerListCtrl.h" />
		<Unit filename="include/GUI/explorer/ExplorerPanel.h" />
		<Unit filename="include/GUI/explorer/state/DirCreationDialog.h" />
		<Unit filename="include/GUI/graph/MusiqueGraph.h" />
		<Unit filename="include/GUI/musiclist/PlayList.h" />
		<Unit filename="include/GUI/musiclist/PlayListTableau.h" />
		<Unit filename="include/GUI/settings/PreferenceCouleur.h" />
		<Unit filename="include/GUI/settings/PreferenceDefaut.h" />
		<Unit filename="include/GUI/settings/PreferenceSon.h" />
		<Unit filename="include/GUI/tools/ArrayFenetreDetachable.h" />
		<Unit filename="include/GUI/tools/DropFichierImagePochetteMusique.h" />
		<Unit filename="include/GUI/tools/DroppedMarkedLineListCtrl.h" />
		<Unit filename="include/GUI/tools/ImageText.h" />
		<Unit filename="include/GUI/tools/jaquetteClasses.h" />
		<Unit filename="include/GUI/widgets/BoutonFenetreDetachable.h" />
		<Unit filename="include/GUI/widgets/Fenetre.h" />
		<Unit filename="include/GUI/widgets/FenetreDetachable.h" />
		<Unit filename="include/GUI/widgets/GenericTreePanel.h" />
		<Unit filename="include/GUI/widgets/ImagePochetteMusique.h" />
		<Unit filename="include/GUI/widgets/SliderSon.h" />
		<Unit filename="include/application/Application.h" />
		<Unit filename="include/application/Mediator.h" />
		<Unit filename="include/application/StandardThreadManager.h" />
		<Unit filename="include/constants/enums.h" />
		<Unit filename="include/constants/events.h" />
		<Unit filename="include/constants/ids.h" />
		<Unit filename="include/constants/strings.h" />
		<Unit filename="include/database/DataBaseFactory.h" />
		<Unit filename="include/database/DataBaseOpeningRequest_01.h" />
		<Unit filename="include/database/DataBase_MetaData.h" />
		<Unit filename="include/db/BDD.h" />
		<Unit filename="include/db/BDDRequete.h" />
		<Unit filename="include/db/BDDThread.h" />
		<Unit filename="include/db/BDDThreadEvent.h" />
		<Unit filename="include/explorer/DriveManagerListElement.h" />
		<Unit filename="include/explorer/ExplorerDriveManagers.h" />
		<Unit filename="include/explorer/ExplorerDriveManagersData.h" />
		<Unit filename="include/explorer/ExplorerFactory.h" />
		<Unit filename="include/explorer/ExplorerManager.h" />
		<Unit filename="include/explorer/ExplorerManagerData.h" />
		<Unit filename="include/explorer/MenuElement.h" />
		<Unit filename="include/explorer/MenuElementData.h" />
		<Unit filename="include/explorer/state/DefaultDriveManagerState.h" />
		<Unit filename="include/explorer/state/DirDriveManagerState.h" />
		<Unit filename="include/explorer/state/DriveManagerState.h" />
		<Unit filename="include/explorer/state/FileDriveManagerState.h" />
		<Unit filename="include/explorer/state/PlaylistDriveManagerState.h" />
		<Unit filename="include/fuxHTMLindex.h" />
		<Unit filename="include/music/AbstractMusicManagerDecorator.h" />
		<Unit filename="include/music/DeletedLines.h" />
		<Unit filename="include/music/Duration.h" />
		<Unit filename="include/music/Factory.h" />
		<Unit filename="include/music/IMusic.h" />
		<Unit filename="include/music/IMusicManager.h" />
		<Unit filename="include/music/IMusicPlayer.h" />
		<Unit filename="include/music/Music.h" />
		<Unit filename="include/music/MusicFile.h" />
		<Unit filename="include/music/MusicFileReader.h" />
		<Unit filename="include/music/MusicFileReaderThread.h" />
		<Unit filename="include/music/MusicFileWriter.h" />
		<Unit filename="include/music/MusicFileWriterThread.h" />
		<Unit filename="include/music/MusicList.h" />
		<Unit filename="include/music/MusicManager.h" />
		<Unit filename="include/music/MusicManagerDefaultDecorator.h" />
		<Unit filename="include/music/MusicManagerSearchDecorator.h" />
		<Unit filename="include/music/MusicManagerSwitcher.h" />
		<Unit filename="include/music/MusicPlayer.h" />
		<Unit filename="include/network/TCPClient.h" />
		<Unit filename="include/network/TCPConnexionEchangeInstanceLocalHost.h" />
		<Unit filename="include/network/TCPServeur.h" />
		<Unit filename="include/predicates/findControllerOfExplorerPanel.h" />
		<Unit filename="include/predicates/findMenuElementById.h" />
		<Unit filename="include/predicates/findPathMenuElement.h" />
		<Unit filename="include/predicates/findPosition.h" />
		<Unit filename="include/predicates/findSharedMusicContainer.h" />
		<Unit filename="include/settings/Couleur.h" />
		<Unit filename="include/settings/Parametre.h" />
		<Unit filename="include/tools/FichierLog.h" />
		<Unit filename="include/tools/Timer.h" />
		<Unit filename="include/tools/Tools.h" />
		<Unit filename="include/tools/dir_traverser/ISearchTraversable.h" />
		<Unit filename="include/tools/dir_traverser/Search.h" />
		<Unit filename="include/tools/dnd/dataObjects/ContainerFileTransitiveData.h" />
		<Unit filename="include/tools/dnd/dataObjects/DataObject.h" />
		<Unit filename="include/tools/dnd/dataObjects/DirTransitiveData.h" />
		<Unit filename="include/tools/dnd/dataObjects/PlaylistTransitiveData.h" />
		<Unit filename="include/tools/dnd/dataObjects/TTransitiveData.h" />
		<Unit filename="include/tools/dnd/dataObjects/TransitiveData.h" />
		<Unit filename="include/tools/dnd/targets/ContainerFileTransitiveDataTarget.h" />
		<Unit filename="include/tools/dnd/targets/DirTransitiveDataTarget.h" />
		<Unit filename="include/tools/dnd/targets/PlaylistTransitiveDataTarget.h" />
		<Unit filename="include/tools/dnd/targets/TransitiveDataTarget.h" />
		<Unit filename="include/version.h" />
		<Unit filename="ressoures/Ressource.rc">
			<Option compilerVar="WINDRES" />
		</Unit>
		<Unit filename="src/GUI/dialogs/DialogEnregistreM3U.cpp" />
		<Unit filename="src/GUI/dialogs/DialogTagMP3.cpp" />
		<Unit filename="src/GUI/dialogs/DialogTagMP3Info.cpp" />
		<Unit filename="src/GUI/explorer/DriveManagersPanel.cpp" />
		<Unit filename="src/GUI/explorer/ExplorerListCtrl.cpp" />
		<Unit filename="src/GUI/explorer/ExplorerPanel.cpp" />
		<Unit filename="src/GUI/explorer/state/DirCreationDialog.cpp" />
		<Unit filename="src/GUI/graph/MusiqueGraph.cpp" />
		<Unit filename="src/GUI/musiclist/PlayList.cpp" />
		<Unit filename="src/GUI/musiclist/PlayListTableau.cpp" />
		<Unit filename="src/GUI/settings/PreferenceCouleur.cpp" />
		<Unit filename="src/GUI/settings/PreferenceDefaut.cpp" />
		<Unit filename="src/GUI/settings/PreferenceSon.cpp" />
		<Unit filename="src/GUI/tools/ArrayFenetreDetachable.cpp" />
		<Unit filename="src/GUI/tools/DropFichierImagePochetteMusique.cpp" />
		<Unit filename="src/GUI/tools/DroppedMarkedLineListCtrl.cpp" />
		<Unit filename="src/GUI/tools/ImageText.cpp" />
		<Unit filename="src/GUI/widgets/BoutonFenetreDetachable.cpp" />
		<Unit filename="src/GUI/widgets/Fenetre.cpp" />
		<Unit filename="src/GUI/widgets/FenetreDetachable.cpp" />
		<Unit filename="src/GUI/widgets/GenericTreePanel.cpp" />
		<Unit filename="src/GUI/widgets/ImagePochetteMusique.cpp" />
		<Unit filename="src/GUI/widgets/SliderSon.cpp" />
		<Unit filename="src/application/Application.cpp" />
		<Unit filename="src/application/Mediator.cpp" />
		<Unit filename="src/application/StandardThreadManager.cpp" />
		<Unit filename="src/database/DataBaseFactory.cpp" />
		<Unit filename="src/database/DataBaseOpeningRequest_01.cpp" />
		<Unit filename="src/db/BDD.cpp" />
		<Unit filename="src/db/BDDRequete.cpp" />
		<Unit filename="src/db/BDDThread.cpp" />
		<Unit filename="src/db/BDDThreadEvent.cpp" />
		<Unit filename="src/explorer/DriveManagerListElement.cpp" />
		<Unit filename="src/explorer/ExplorerDriveManagers.cpp" />
		<Unit filename="src/explorer/ExplorerDriveManagersData.cpp" />
		<Unit filename="src/explorer/ExplorerFactory.cpp" />
		<Unit filename="src/explorer/ExplorerManager.cpp" />
		<Unit filename="src/explorer/ExplorerManagerData.cpp" />
		<Unit filename="src/explorer/MenuElement.cpp" />
		<Unit filename="src/explorer/MenuElementData.cpp" />
		<Unit filename="src/explorer/state/DefaultDriveManagerState.cpp" />
		<Unit filename="src/explorer/state/DirDriveManagerState.cpp" />
		<Unit filename="src/explorer/state/DriveManagerState.cpp" />
		<Unit filename="src/explorer/state/FileDriveManagerState.cpp" />
		<Unit filename="src/explorer/state/PlaylistDriveManagerState.cpp" />
		<Unit filename="src/music/AbstractMusicManagerDecorator.cpp" />
		<Unit filename="src/music/DeletedLines.cpp" />
		<Unit filename="src/music/Duration.cpp" />
		<Unit filename="src/music/Factory.cpp" />
		<Unit filename="src/music/IMusic.cpp" />
		<Unit filename="src/music/IMusicManager.cpp" />
		<Unit filename="src/music/Music.cpp" />
		<Unit filename="src/music/MusicFileReader.cpp" />
		<Unit filename="src/music/MusicFileReaderThread.cpp" />
		<Unit filename="src/music/MusicFileWriter.cpp" />
		<Unit filename="src/music/MusicFileWriterThread.cpp" />
		<Unit filename="src/music/MusicList.cpp" />
		<Unit filename="src/music/MusicManager.cpp" />
		<Unit filename="src/music/MusicManagerDefaultDecorator.cpp" />
		<Unit filename="src/music/MusicManagerSearchDecorator.cpp" />
		<Unit filename="src/music/MusicManagerSwitcher.cpp" />
		<Unit filename="src/music/MusicPlayer.cpp" />
		<Unit filename="src/network/TCPClient.cpp" />
		<Unit filename="src/network/TCPConnexionEchangeInstanceLocalHost.cpp" />
		<Unit filename="src/network/TCPServeur.cpp" />
		<Unit filename="src/predicates/findControllerOfExplorerPanel.cpp" />
		<Unit filename="src/predicates/findMenuElementById.cpp" />
		<Unit filename="src/predicates/findPathMenuElement.cpp" />
		<Unit filename="src/predicates/findPosition.cpp" />
		<Unit filename="src/predicates/findSharedMusicContainer.cpp" />
		<Unit filename="src/ressources/lect.c">
			<Option compilerVar="CC" />
		</Unit>
		<Unit filename="src/ressources/paus.c">
			<Option compilerVar="CC" />
		</Unit>
		<Unit filename="src/ressources/play.c">
			<Option compilerVar="CC" />
		</Unit>
		<Unit filename="src/ressources/prec.c">
			<Option compilerVar="CC" />
		</Unit>
		<Unit filename="src/ressources/suiv.c">
			<Option compilerVar="CC" />
		</Unit>
		<Unit filename="src/ressources/suppr.c">
			<Option compilerVar="CC" />
		</Unit>
		<Unit filename="src/settings/Couleur.cpp" />
		<Unit filename="src/settings/Parametre.cpp" />
		<Unit filename="src/tools/FichierLog.cpp" />
		<Unit filename="src/tools/Timer.cpp" />
		<Unit filename="src/tools/Tools.cpp" />
		<Unit filename="src/tools/dir_traverser/Search.cpp" />
		<Unit filename="src/tools/dnd/dataObjects/ContainerFileTransitiveData.cpp" />
		<Unit filename="src/tools/dnd/dataObjects/DataObject.cpp" />
		<Unit filename="src/tools/dnd/dataObjects/DirTransitiveData.cpp" />
		<Unit filename="src/tools/dnd/dataObjects/PlaylistTransitiveData.cpp" />
		<Unit filename="src/tools/dnd/dataObjects/TTransitiveData.cpp" />
		<Unit filename="src/tools/dnd/dataObjects/TransitiveData.cpp" />
		<Unit filename="src/tools/dnd/targets/ContainerFileTransitiveDataTarget.cpp" />
		<Unit filename="src/tools/dnd/targets/DirTransitiveDataTarget.cpp" />
		<Unit filename="src/tools/dnd/targets/PlaylistTransitiveDataTarget.cpp" />
		<Unit filename="src/tools/dnd/targets/TransitiveDataTarget.cpp" />
		<Unit filename="wxsmith/DirCreationDialog.wxs" />
		<Unit filename="wxsmith/DirFileDialog.wxs" />
		<Extensions>
			<code_completion />
			<envvars set="david" />
			<debugger />
			<DoxyBlocks>
				<comment_style block="0" line="0" />
				<doxyfile_project project_number="2.7.4514" output_directory="doc" output_language="French" use_auto_version="1" />
				<doxyfile_build extract_all="1" extract_private="1" extract_static="1" />
				<doxyfile_warnings />
				<doxyfile_output html_help="1" />
				<doxyfile_dot class_diagrams="1" have_dot="1" />
				<general use_at_in_tags="1" />
			</DoxyBlocks>
			<AutoVersioning>
				<Scheme minor_max="10" build_max="0" rev_max="0" rev_rand_max="10" build_times_to_increment_minor="1000" />
				<Settings autoincrement="1" date_declarations="1" use_define="0" update_manifest="1" do_auto_increment="1" ask_to_increment="0" language="C++" svn="0" svn_directory="" header_path="include/version.h" />
				<Changes_Log show_changes_editor="0" app_title="released version %M.%m.%b of %p" changeslog_path="ChangesLog.txt" />
				<Code header_guard="VERSION_H" namespace="AutoVersion" prefix="" />
			</AutoVersioning>
			<wxsmith version="1">
				<gui name="wxWidgets" src="src\application\Application.cpp" main="-- None --" init_handlers="necessary" language="CPP" />
				<resources>
					<wxDialog wxs="wxsmith/DirCreationDialog.wxs" src="src\GUI\explorer\state\DirCreationDialog.cpp" hdr="include\GUI\explorer\state\DirCreationDialog.h" fwddecl="1" i18n="1" name="DirCreationDialog" language="CPP" />
					<wxDialog wxs="wxsmith/DirFileDialog.wxs" src="src\tools\dir\interface\DirFileDialog.cpp" hdr="include\tools\dir\interface\DirFileDialog.h" fwddecl="1" i18n="1" name="DirFileDialog" language="CPP" />
				</resources>
			</wxsmith>
		</Extensions>
	</Project>
</CodeBlocks_project_file>
