<?xml version="1.0" encoding="UTF-8" standalone="yes" ?>
<CodeBlocks_project_file>
	<FileVersion major="1" minor="6" />
	<Project>
		<Option title="Fu(X) 2.0" />
		<Option pch_mode="2" />
		<Option compiler="gcc" />
		<Option show_notes="1">
			<notes>
				<![CDATA[Lecoconnier David
Projet <Fu(X) 2.0>
etrange02@aol.com
Créé le 24/07/2009

IMPORTANT, A FAIRE !!!

0- Terminer Musique en ajoutant FichierLog

1- Page PlayList :
	a. Revoir les fonctions MAJ et ChangementChanson (SetTextColour...) 
	b. Une file pour les événements de MAJ (ou vecteur ??)
	c. Fenêtre détails des titres (association fichier .lrc)

2- Problèmes sous XP : bogue lorsqu'il y a utilisation d'un fichier au commencement de la lecture et avec la partie gestion des périphs !

3- Mettre en place un fichier log pour la maintenance et la correction d'erreur

4-Ajouter *.wma

5- Remplacer la structure des fichiers sauve par du XML

6- DnD mise dans un dossier

7-]]>
			</notes>
		</Option>
		<Build>
			<Target title="Release">
				<Option output="Fu(X)" prefix_auto="1" extension_auto="1" />
				<Option object_output="obj/Release/" />
				<Option type="0" />
				<Option compiler="gcc" />
				<Option projectLinkerOptionsRelation="2" />
				<Compiler>
					<Add option="-O2" />
				</Compiler>
			</Target>
			<Environment>
				<Variable name="AU" value="u" />
				<Variable name="AURD" value="$(AU)$(RD)" />
				<Variable name="FMODEX" value='&quot;C:\Program Files\FMOD SoundSystem\FMOD Programmers API Windows\api&quot;' />
				<Variable name="RD" value="" />
				<Variable name="SQLITE3" value="${WXSQLITE3}\sqlite3" />
				<Variable name="TAGLIB" value="C:\CMake\cmake_taglib\taglib" />
				<Variable name="WXSQLITE3" value="C:\wxsqlite3-3.0.3" />
				<Variable name="WX_CFG" value="msw$(AURD)" />
				<Variable name="WX_DIR" value="$(DIR_LIB)\wx" />
				<Variable name="WX_GL_VER" value="GL" />
				<Variable name="WX_VER1" value="2" />
				<Variable name="WX_VER2" value="8" />
				<Variable name="WX_VER3" value="12" />
			</Environment>
		</Build>
		<Compiler>
			<Add option="-O2" />
			<Add option="-Wextra" />
			<Add option="-Wall" />
			<Add option="-g" />
			<Add option="-pipe" />
			<Add option="-mthreads" />
			<Add option='[[if (PLATFORM == PLATFORM_MSW &amp;&amp; (GetCompilerFactory().GetCompilerVersionString(_T(&quot;gcc&quot;)) &gt;= _T(&quot;4.0.0&quot;))) print(_T(&quot;-Wno-attributes&quot;));]]' />
			<Add option="-D__GNUWIN32__" />
			<Add option="-D__WXMSW__" />
			<Add option="-DwxUSE_UNICODE" />
			<Add directory="$(WX_DIR)$(WX_VER1)$(WX_VER2)$(WX_VER3)$(WX_GL_VER)/include" />
			<Add directory="$(WX_DIR)$(WX_VER1)$(WX_VER2)$(WX_VER3)$(WX_GL_VER)/include/contrib/include" />
			<Add directory="$(WX_DIR)$(WX_VER1)$(WX_VER2)$(WX_VER3)$(WX_GL_VER)/lib/gcc_lib/mswu" />
			<Add directory="${SQLITE3}/include" />
			<Add directory="${WXSQLITE3}/include" />
			<Add directory="${FMODEX}/inc" />
			<Add directory="${TAGLIB}/Headers" />
		</Compiler>
		<ResourceCompiler>
			<Add directory="$(WX_DIR)$(WX_VER1)$(WX_VER2)$(WX_VER3)$(WX_GL_VER)/include" />
		</ResourceCompiler>
		<Linker>
			<Add option="-s" />
			<Add library="libwxcode_msw$(WX_VER1)$(WX_VER2)$(AURD)_wxsqlite3.a" />
			<Add library="${SQLITE3}\lib\sqlite3.a" />
			<Add library="libwxmsw$(WX_VER1)$(WX_VER2)$(AURD)_core.a" />
			<Add library="libwxbase$(WX_VER1)$(WX_VER2)$(AURD).a" />
			<Add library="libkernel32.a" />
			<Add library="libuser32.a" />
			<Add library="libgdi32.a" />
			<Add library="libwinspool.a" />
			<Add library="libcomdlg32.a" />
			<Add library="libadvapi32.a" />
			<Add library="libshell32.a" />
			<Add library="libole32.a" />
			<Add library="liboleaut32.a" />
			<Add library="libuuid.a" />
			<Add library="libwxpng$(RD).a" />
			<Add library="libodbc32.a" />
			<Add library="libcomctl32.a" />
			<Add library="libwsock32.a" />
			<Add library="libwxmsw$(WX_VER1)$(WX_VER2)$(AURD)_xrc.a" />
			<Add library="libwxzlib$(RD).a" />
			<Add library="libwxjpeg$(RD).a" />
			<Add library="libwxregex$(AURD).a" />
			<Add library="libwxmsw$(WX_VER1)$(WX_VER2)$(AURD)_gl.a" />
			<Add library="libwxmsw$(WX_VER1)$(WX_VER2)$(AURD)_adv.a" />
			<Add library="${FMODEX}\lib\libfmodex.a" />
			<Add library="libopengl32.a" />
			<Add library="libglu32.a" />
			<Add library="${TAGLIB}\libtag.dll.a" />
			<Add directory="$(WX_DIR)$(WX_VER1)$(WX_VER2)$(WX_VER3)$(WX_GL_VER)/lib/gcc_lib" />
			<Add directory="${SQLITE3}/lib" />
			<Add directory="${WXSQLITE3}/lib/gcc_lib" />
		</Linker>
		<Unit filename="include/Application.h" />
		<Unit filename="include/BDD/BDD.h" />
		<Unit filename="include/BDD/BDDRequete.h" />
		<Unit filename="include/BDD/BDDThread.h" />
		<Unit filename="include/BDD/BDDThreadEvent.h" />
		<Unit filename="include/Classes.h" />
		<Unit filename="include/Define.h" />
		<Unit filename="include/Dialogue/DialogEnregistreM3U.h" />
		<Unit filename="include/Dialogue/DialogTagMP3.h" />
		<Unit filename="include/Dialogue/DialogTagMP3Info.h" />
		<Unit filename="include/DirTraverser/Recherche.h" />
		<Unit filename="include/DirTraverser/TraverserCopieDossier.h" />
		<Unit filename="include/DirTraverser/TraverserCopieFichier.h" />
		<Unit filename="include/DirTraverser/TraverserDeplaceFichier.h" />
		<Unit filename="include/DirTraverser/TraverserSupprimeDossier.h" />
		<Unit filename="include/DirTraverser/TraverserSupprimeFichier.h" />
		<Unit filename="include/DnD/DnDBufferData.h" />
		<Unit filename="include/DnD/DnDCible.h" />
		<Unit filename="include/DnD/DnDListeFichier.h" />
		<Unit filename="include/ElementThreadFichier.h" />
		<Unit filename="include/FichierListe.h" />
		<Unit filename="include/FichierLog.h" />
		<Unit filename="include/GUI/ArrayFenetreDetachable.h" />
		<Unit filename="include/GUI/BoutonFenetreDetachable.h" />
		<Unit filename="include/GUI/Fenetre.h" />
		<Unit filename="include/GUI/FenetreDetachable.h" />
		<Unit filename="include/GUI/GestionPeriph.h" />
		<Unit filename="include/GUI/GestionPeriphCouperCopier.h" />
		<Unit filename="include/GUI/GestionPeriphElementLecteurRacineFichier.h" />
		<Unit filename="include/GUI/GestionPeriphMoitiePage.h" />
		<Unit filename="include/GUI/GestionPeriphTableau.h" />
		<Unit filename="include/GUI/ImageText.h" />
		<Unit filename="include/GUI/MusiqueGraph.h" />
		<Unit filename="include/GUI/PlayList.h" />
		<Unit filename="include/GUI/PlayListTableau.h" />
		<Unit filename="include/GUI/PreferenceCouleur.h" />
		<Unit filename="include/GUI/PreferenceDefaut.h" />
		<Unit filename="include/GUI/PreferenceSon.h" />
		<Unit filename="include/GUI/SliderSon.h" />
		<Unit filename="include/Jaquette/DropFichierImagePochetteMusique.h" />
		<Unit filename="include/Jaquette/ImagePochetteMusique.h" />
		<Unit filename="include/Jaquette/jaquetteClasses.h" />
		<Unit filename="include/Musique.h" />
		<Unit filename="include/OS_Win.h" />
		<Unit filename="include/Parametre.h" />
		<Unit filename="include/Reseau/TCPClient.h" />
		<Unit filename="include/Reseau/TCPConnexionEchangeInstanceLocalHost.h" />
		<Unit filename="include/Reseau/TCPServeur.h" />
		<Unit filename="include/ThreadGestion.h" />
		<Unit filename="include/Timer.h" />
		<Unit filename="include/fuxHTMLindex.h" />
		<Unit filename="include/version.h" />
		<Unit filename="res/Fu(X) - recherche de fichiers et dossiers.txt" />
		<Unit filename="res/Genres possibles.txt" />
		<Unit filename="res/Idées.txt" />
		<Unit filename="res/Ressource.rc">
			<Option compilerVar="WINDRES" />
		</Unit>
		<Unit filename="res/recherche.txt" />
		<Unit filename="src/Application.cpp" />
		<Unit filename="src/BDD/BDD.cpp" />
		<Unit filename="src/BDD/BDDRequete.cpp" />
		<Unit filename="src/BDD/BDDThread.cpp" />
		<Unit filename="src/BDD/BDDThreadEvent.cpp" />
		<Unit filename="src/Dialogue/DialogEnregistreM3U.cpp" />
		<Unit filename="src/Dialogue/DialogTagMP3.cpp" />
		<Unit filename="src/Dialogue/DialogTagMP3Info.cpp" />
		<Unit filename="src/DirTraverser/Recherche.cpp" />
		<Unit filename="src/DirTraverser/TraverserCopieDossier.cpp" />
		<Unit filename="src/DirTraverser/TraverserCopieFichier.cpp" />
		<Unit filename="src/DirTraverser/TraverserDeplaceFichier.cpp" />
		<Unit filename="src/DirTraverser/TraverserSupprimeDossier.cpp" />
		<Unit filename="src/DirTraverser/TraverserSupprimeFichier.cpp" />
		<Unit filename="src/DnD/DnDBufferData.cpp" />
		<Unit filename="src/DnD/DnDCible.cpp" />
		<Unit filename="src/DnD/DnDListeFichier.cpp" />
		<Unit filename="src/ElementThreadFichier.cpp" />
		<Unit filename="src/FichierListe.cpp" />
		<Unit filename="src/FichierLog.cpp" />
		<Unit filename="src/GUI/ArrayFenetreDetachable.cpp" />
		<Unit filename="src/GUI/BoutonFenetreDetachable.cpp" />
		<Unit filename="src/GUI/Fenetre.cpp" />
		<Unit filename="src/GUI/FenetreDetachable.cpp" />
		<Unit filename="src/GUI/GestionPeriph.cpp" />
		<Unit filename="src/GUI/GestionPeriphCouperCopier.cpp" />
		<Unit filename="src/GUI/GestionPeriphElementLecteurRacineFichier.cpp" />
		<Unit filename="src/GUI/GestionPeriphMoitiePage.cpp" />
		<Unit filename="src/GUI/GestionPeriphTableau.cpp" />
		<Unit filename="src/GUI/ImageText.cpp" />
		<Unit filename="src/GUI/MusiqueGraph.cpp" />
		<Unit filename="src/GUI/PlayList.cpp" />
		<Unit filename="src/GUI/PlayListTableau.cpp" />
		<Unit filename="src/GUI/PreferenceCouleur.cpp" />
		<Unit filename="src/GUI/PreferenceDefaut.cpp" />
		<Unit filename="src/GUI/PreferenceSon.cpp" />
		<Unit filename="src/GUI/SliderSon.cpp" />
		<Unit filename="src/Jaquette/DropFichierImagePochetteMusique.cpp" />
		<Unit filename="src/Jaquette/ImagePochetteMusique.cpp" />
		<Unit filename="src/Musique.cpp" />
		<Unit filename="src/OS_Win.cpp" />
		<Unit filename="src/Parametre.cpp" />
		<Unit filename="src/Reseau/TCPClient.cpp" />
		<Unit filename="src/Reseau/TCPConnexionEchangeInstanceLocalHost.cpp" />
		<Unit filename="src/Reseau/TCPServeur.cpp" />
		<Unit filename="src/ThreadGestion.cpp" />
		<Unit filename="src/Timer.cpp" />
		<Extensions>
			<code_completion />
			<envvars set="default" />
			<debugger />
			<DoxyBlocks>
				<comment_style block="0" line="0" />
				<doxyfile_project project_number="2.1.1272" output_directory="doc" output_language="French" use_auto_version="1" />
				<doxyfile_build extract_all="1" extract_private="1" extract_static="1" />
				<doxyfile_warnings />
				<doxyfile_output html_help="1" />
				<doxyfile_dot class_diagrams="1" />
				<general use_at_in_tags="1" />
			</DoxyBlocks>
			<AutoVersioning>
				<Scheme minor_max="10" build_max="0" rev_max="0" rev_rand_max="10" build_times_to_increment_minor="100" />
				<Settings autoincrement="1" date_declarations="1" update_manifest="1" do_auto_increment="1" ask_to_increment="0" language="C++" svn="0" svn_directory="" header_path="include/version.h" />
				<Changes_Log show_changes_editor="0" app_title="released version %M.%m.%b of %p" changeslog_path="ChangesLog.txt" />
				<Code header_guard="VERSION_H" namespace="AutoVersion" prefix="" />
			</AutoVersioning>
		</Extensions>
	</Project>
</CodeBlocks_project_file>
