<?xml version="1.0" encoding="UTF-8" standalone="yes" ?>
<CodeBlocks_project_file>
	<FileVersion major="1" minor="6" />
	<Project>
		<Option title="Fu(X) 2.0" />
		<Option pch_mode="2" />
		<Option compiler="gcc" />
		<Option show_notes="1">
			<notes>
				<![CDATA[Lecoconnier David
Projet <Fu(X) 2.0>
etrange02@aol.com
Créé le 24/07/2009

IMPORTANT, A FAIRE !!!

0- Terminer Musique en ajoutant FichierLog

1- Page PlayList :
	a. Revoir les fonctions MAJ et ChangementChanson (SetTextColour...) 
	b. Une file pour les événements de MAJ (ou vecteur ??)
	c. Fenêtre détails des titres (association fichier .lrc)

2- Problèmes sous XP : bogue lorsqu'il y a utilisation d'un fichier au commencement de la lecture et avec la partie gestion des périphs !

3- Mettre en place un fichier log pour la maintenance et la correction d'erreur

4-Ajouter *.wma (en cours)

5- DnD mise dans un dossier

6- BDD générale

7- Convertir un M3U en dossier avec la totalité des titres présents dans le fichier]]>
			</notes>
		</Option>
		<Build>
			<Target title="Release">
				<Option output="out/program_files/Fu(X)" prefix_auto="1" extension_auto="1" />
				<Option working_dir="out/program_files" />
				<Option object_output="obj/Release/" />
				<Option type="0" />
				<Option compiler="gcc" />
				<Option projectLinkerOptionsRelation="2" />
				<Compiler>
					<Add option="-O2" />
					<Add directory="include/music" />
					<Add directory="include/preddicates" />
				</Compiler>
				<Linker>
					<Add option="-s" />
				</Linker>
			</Target>
			<Target title="Debug">
				<Option output="out/program_files/Fu(X)" prefix_auto="1" extension_auto="1" />
				<Option working_dir="out/program_files" />
				<Option object_output="obj/Debug/" />
				<Option type="0" />
				<Option compiler="gcc" />
				<Option projectLinkerOptionsRelation="2" />
				<Compiler>
					<Add option="-Wshadow" />
					<Add option="-Wcast-align" />
					<Add option="-Wunreachable-code" />
					<Add option="-Wswitch-enum" />
					<Add option="-Wswitch-default" />
					<Add option="-Wextra" />
					<Add option="-Wall" />
					<Add option="-g" />
					<Add directory="include/music" />
					<Add directory="include/preddicates" />
				</Compiler>
			</Target>
			<Environment>
				<Variable name="AU" value="u" />
				<Variable name="AURD" value="$(AU)$(RD)" />
				<Variable name="FMODEX" value='&quot;C:\Program Files (x86)\FMOD SoundSystem\FMOD Programmers API Windows\api&quot;' />
				<Variable name="RD" value="" />
				<Variable name="SQLITE3" value="${WXSQLITE3}\sqlite3" />
				<Variable name="TAGLIB" value="C:\Workspace\Libraries\taglib\taglib-1.9.1\out\taglib" />
				<Variable name="WXSQLITE3" value="C:\Workspace\Libraries\wxSQLite3\wxsqlite3-3.1.1\wxsqlite3-3.1.1" />
				<Variable name="WX_CFG" value="msw$(AURD)" />
				<Variable name="WX_DIR" value="$(DIR_LIB)\wx" />
				<Variable name="WX_GL_VER" value="GL" />
				<Variable name="WX_VER1" value="2" />
				<Variable name="WX_VER2" value="8" />
				<Variable name="WX_VER3" value="12" />
			</Environment>
		</Build>
		<Compiler>
			<Add option="-pipe" />
			<Add option="-mthreads" />
			<Add option='[[if (PLATFORM == PLATFORM_MSW &amp;&amp; (GetCompilerFactory().GetCompilerVersionString(_T(&quot;gcc&quot;)) &gt;= _T(&quot;4.0.0&quot;))) print(_T(&quot;-Wno-attributes&quot;));]]' />
			<Add option="-D__GNUWIN32__" />
			<Add option="-D__WXMSW__" />
			<Add option="-DwxUSE_UNICODE" />
			<Add directory="$(WX_DIR)$(WX_VER1)$(WX_VER2)$(WX_VER3)$(WX_GL_VER)/include" />
			<Add directory="$(WX_DIR)$(WX_VER1)$(WX_VER2)$(WX_VER3)$(WX_GL_VER)/include/contrib/include" />
			<Add directory="$(WX_DIR)$(WX_VER1)$(WX_VER2)$(WX_VER3)$(WX_GL_VER)/lib/gcc_lib/mswu" />
			<Add directory="${SQLITE3}/include" />
			<Add directory="${WXSQLITE3}/include" />
			<Add directory="${FMODEX}/inc" />
			<Add directory="${TAGLIB}/Headers" />
		</Compiler>
		<ResourceCompiler>
			<Add directory="$(WX_DIR)$(WX_VER1)$(WX_VER2)$(WX_VER3)$(WX_GL_VER)/include" />
		</ResourceCompiler>
		<Linker>
			<Add library="libwxcode_msw$(WX_VER1)$(WX_VER2)$(AURD)_wxsqlite3.a" />
			<Add library="${SQLITE3}/lib/sqlite3.a" />
			<Add library="libwxmsw$(WX_VER1)$(WX_VER2)$(AURD)_gl.a" />
			<Add library="libwxmsw$(WX_VER1)$(WX_VER2)$(AURD)_core.a" />
			<Add library="libwxbase$(WX_VER1)$(WX_VER2)$(AURD)_xml.a" />
			<Add library="libwxbase$(WX_VER1)$(WX_VER2)$(AURD).a" />
			<Add library="libwxpng$(RD).a" />
			<Add library="libwxmsw$(WX_VER1)$(WX_VER2)$(AURD)_xrc.a" />
			<Add library="libwxjpeg$(RD).a" />
			<Add library="libwxzlib$(RD).a" />
			<Add library="libwxregex$(AURD).a" />
			<Add library="libwxexpat.a" />
			<Add library="libwxmsw$(WX_VER1)$(WX_VER2)$(AURD)_adv.a" />
			<Add library="libkernel32.a" />
			<Add library="libuser32.a" />
			<Add library="libgdi32.a" />
			<Add library="libcomdlg32.a" />
			<Add library="libwinspool.a" />
			<Add library="libwinmm" />
			<Add library="libshell32.a" />
			<Add library="libcomctl32.a" />
			<Add library="libole32.a" />
			<Add library="liboleaut32.a" />
			<Add library="libuuid.a" />
			<Add library="libodbc32.a" />
			<Add library="libadvapi32.a" />
			<Add library="libwsock32.a" />
			<Add library="libopengl32.a" />
			<Add library="libglu32.a" />
			<Add library="${FMODEX}/lib/libfmodex.a" />
			<Add library="${TAGLIB}/libtag.dll.a" />
			<Add directory="$(WX_DIR)$(WX_VER1)$(WX_VER2)$(WX_VER3)$(WX_GL_VER)/lib/gcc_lib" />
			<Add directory="${SQLITE3}/lib" />
			<Add directory="${WXSQLITE3}/lib/gcc_lib" />
		</Linker>
		<Unit filename="include/Classes.h" />
		<Unit filename="include/Define.h" />
		<Unit filename="include/GUI/dialogs/DialogEnregistreM3U.h" />
		<Unit filename="include/GUI/dialogs/DialogTagMP3.h" />
		<Unit filename="include/GUI/dialogs/DialogTagMP3Info.h" />
		<Unit filename="include/GUI/explorer/DriveManagersPanel.h" />
		<Unit filename="include/GUI/explorer/ExplorerListCtrl.h" />
		<Unit filename="include/GUI/explorer/ExplorerPanel.h" />
		<Unit filename="include/GUI/explorer/GestionPeriph.h" />
		<Unit filename="include/GUI/explorer/GestionPeriphCouperCopier.h" />
		<Unit filename="include/GUI/explorer/GestionPeriphElementLecteurRacineFichier.h" />
		<Unit filename="include/GUI/explorer/GestionPeriphMoitiePage.h" />
		<Unit filename="include/GUI/explorer/GestionPeriphTableau.h" />
		<Unit filename="include/GUI/graph/MusiqueGraph.h" />
		<Unit filename="include/GUI/musiclist/PlayList.h" />
		<Unit filename="include/GUI/musiclist/PlayListTableau.h" />
		<Unit filename="include/GUI/settings/PreferenceCouleur.h" />
		<Unit filename="include/GUI/settings/PreferenceDefaut.h" />
		<Unit filename="include/GUI/settings/PreferenceSon.h" />
		<Unit filename="include/GUI/tools/ArrayFenetreDetachable.h" />
		<Unit filename="include/GUI/tools/DropFichierImagePochetteMusique.h" />
		<Unit filename="include/GUI/tools/ImageText.h" />
		<Unit filename="include/GUI/tools/jaquetteClasses.h" />
		<Unit filename="include/GUI/widgets/BoutonFenetreDetachable.h" />
		<Unit filename="include/GUI/widgets/Fenetre.h" />
		<Unit filename="include/GUI/widgets/FenetreDetachable.h" />
		<Unit filename="include/GUI/widgets/GenericTreePanel.h" />
		<Unit filename="include/GUI/widgets/ImagePochetteMusique.h" />
		<Unit filename="include/GUI/widgets/SliderSon.h" />
		<Unit filename="include/application/Application.h" />
		<Unit filename="include/constants/enums.h" />
		<Unit filename="include/constants/events.h" />
		<Unit filename="include/constants/ids.h" />
		<Unit filename="include/constants/strings.h" />
		<Unit filename="include/db/BDD.h" />
		<Unit filename="include/db/BDDRequete.h" />
		<Unit filename="include/db/BDDThread.h" />
		<Unit filename="include/db/BDDThreadEvent.h" />
		<Unit filename="include/explorer/ExplorerDriveManagers.h" />
		<Unit filename="include/explorer/ExplorerDriveManagersData.h" />
		<Unit filename="include/explorer/ExplorerManager.h" />
		<Unit filename="include/explorer/ExplorerManagerData.h" />
		<Unit filename="include/explorer/state/DefaultDriveManagerState.h" />
		<Unit filename="include/explorer/state/DirDriveManagerState.h" />
		<Unit filename="include/explorer/state/DriveManagerState.h" />
		<Unit filename="include/explorer/state/FileDriveManagerState.h" />
		<Unit filename="include/explorer/state/PlaylistDriveManagerState.h" />
		<Unit filename="include/fuxHTMLindex.h" />
		<Unit filename="include/music/ChansonNomPos.h" />
		<Unit filename="include/music/Duree.h" />
		<Unit filename="include/music/IMusic.h" />
		<Unit filename="include/music/IMusicPlayer.h" />
		<Unit filename="include/music/Music.h" />
		<Unit filename="include/music/MusicList.h" />
		<Unit filename="include/music/MusicManager.h" />
		<Unit filename="include/music/MusicPlayer.h" />
		<Unit filename="include/network/TCPClient.h" />
		<Unit filename="include/network/TCPConnexionEchangeInstanceLocalHost.h" />
		<Unit filename="include/network/TCPServeur.h" />
		<Unit filename="include/predicates/findPosition.h" />
		<Unit filename="include/settings/Couleur.h" />
		<Unit filename="include/settings/Parametre.h" />
		<Unit filename="include/tools/ElementThreadFichier.h" />
		<Unit filename="include/tools/FichierLog.h" />
		<Unit filename="include/tools/OS_Win.h" />
		<Unit filename="include/tools/ThreadGestion.h" />
		<Unit filename="include/tools/Timer.h" />
		<Unit filename="include/tools/dir_traverser/ISearchTraversable.h" />
		<Unit filename="include/tools/dir_traverser/Search.h" />
		<Unit filename="include/tools/dir_traverser/TraverserCopieDossier.h" />
		<Unit filename="include/tools/dir_traverser/TraverserCopieFichier.h" />
		<Unit filename="include/tools/dir_traverser/TraverserDeplaceFichier.h" />
		<Unit filename="include/tools/dir_traverser/TraverserSupprimeDossier.h" />
		<Unit filename="include/tools/dir_traverser/TraverserSupprimeFichier.h" />
		<Unit filename="include/tools/dnd/DnDCible.h" />
		<Unit filename="include/tools/dnd/DnDListeFichier.h" />
		<Unit filename="include/tools/dnd/MusicPlayListDnDBufferData.h" />
		<Unit filename="include/version.h" />
		<Unit filename="src/GUI/dialogs/DialogEnregistreM3U.cpp" />
		<Unit filename="src/GUI/dialogs/DialogTagMP3.cpp" />
		<Unit filename="src/GUI/dialogs/DialogTagMP3Info.cpp" />
		<Unit filename="src/GUI/explorer/DriveManagersPanel.cpp" />
		<Unit filename="src/GUI/explorer/ExplorerListCtrl.cpp" />
		<Unit filename="src/GUI/explorer/ExplorerPanel.cpp" />
		<Unit filename="src/GUI/explorer/GestionPeriph.cpp" />
		<Unit filename="src/GUI/explorer/GestionPeriphCouperCopier.cpp" />
		<Unit filename="src/GUI/explorer/GestionPeriphElementLecteurRacineFichier.cpp" />
		<Unit filename="src/GUI/explorer/GestionPeriphMoitiePage.cpp" />
		<Unit filename="src/GUI/explorer/GestionPeriphTableau.cpp" />
		<Unit filename="src/GUI/graph/MusiqueGraph.cpp" />
		<Unit filename="src/GUI/musiclist/PlayList.cpp" />
		<Unit filename="src/GUI/musiclist/PlayListTableau.cpp" />
		<Unit filename="src/GUI/settings/PreferenceCouleur.cpp" />
		<Unit filename="src/GUI/settings/PreferenceDefaut.cpp" />
		<Unit filename="src/GUI/settings/PreferenceSon.cpp" />
		<Unit filename="src/GUI/tools/ArrayFenetreDetachable.cpp" />
		<Unit filename="src/GUI/tools/DropFichierImagePochetteMusique.cpp" />
		<Unit filename="src/GUI/tools/ImageText.cpp" />
		<Unit filename="src/GUI/widgets/BoutonFenetreDetachable.cpp" />
		<Unit filename="src/GUI/widgets/Fenetre.cpp" />
		<Unit filename="src/GUI/widgets/FenetreDetachable.cpp" />
		<Unit filename="src/GUI/widgets/GenericTreePanel.cpp" />
		<Unit filename="src/GUI/widgets/ImagePochetteMusique.cpp" />
		<Unit filename="src/GUI/widgets/SliderSon.cpp" />
		<Unit filename="src/application/Application.cpp" />
		<Unit filename="src/db/BDD.cpp" />
		<Unit filename="src/db/BDDRequete.cpp" />
		<Unit filename="src/db/BDDThread.cpp" />
		<Unit filename="src/db/BDDThreadEvent.cpp" />
		<Unit filename="src/explorer/ExplorerDriveManagers.cpp" />
		<Unit filename="src/explorer/ExplorerDriveManagersData.cpp" />
		<Unit filename="src/explorer/ExplorerManager.cpp" />
		<Unit filename="src/explorer/ExplorerManagerData.cpp" />
		<Unit filename="src/explorer/state/DefaultDriveManagerState.cpp" />
		<Unit filename="src/explorer/state/DirDriveManagerState.cpp" />
		<Unit filename="src/explorer/state/DriveManagerState.cpp" />
		<Unit filename="src/explorer/state/FileDriveManagerState.cpp" />
		<Unit filename="src/explorer/state/PlaylistDriveManagerState.cpp" />
		<Unit filename="src/music/ChansonNomPos.cpp" />
		<Unit filename="src/music/Duree.cpp" />
		<Unit filename="src/music/Music.cpp" />
		<Unit filename="src/music/MusicList.cpp" />
		<Unit filename="src/music/MusicManager.cpp" />
		<Unit filename="src/music/MusicPlayer.cpp" />
		<Unit filename="src/network/TCPClient.cpp" />
		<Unit filename="src/network/TCPConnexionEchangeInstanceLocalHost.cpp" />
		<Unit filename="src/network/TCPServeur.cpp" />
		<Unit filename="src/predicates/findPosition.cpp" />
		<Unit filename="src/ressources/Ressource.rc">
			<Option compilerVar="WINDRES" />
		</Unit>
		<Unit filename="src/ressources/lect.c">
			<Option compilerVar="CC" />
		</Unit>
		<Unit filename="src/ressources/paus.c">
			<Option compilerVar="CC" />
		</Unit>
		<Unit filename="src/ressources/play.c">
			<Option compilerVar="CC" />
		</Unit>
		<Unit filename="src/ressources/prec.c">
			<Option compilerVar="CC" />
		</Unit>
		<Unit filename="src/ressources/suiv.c">
			<Option compilerVar="CC" />
		</Unit>
		<Unit filename="src/ressources/suppr.c">
			<Option compilerVar="CC" />
		</Unit>
		<Unit filename="src/settings/Couleur.cpp" />
		<Unit filename="src/settings/Parametre.cpp" />
		<Unit filename="src/tools/ElementThreadFichier.cpp" />
		<Unit filename="src/tools/FichierLog.cpp" />
		<Unit filename="src/tools/OS_Win.cpp" />
		<Unit filename="src/tools/ThreadGestion.cpp" />
		<Unit filename="src/tools/Timer.cpp" />
		<Unit filename="src/tools/dir_traverser/Search.cpp" />
		<Unit filename="src/tools/dir_traverser/TraverserCopieDossier.cpp" />
		<Unit filename="src/tools/dir_traverser/TraverserCopieFichier.cpp" />
		<Unit filename="src/tools/dir_traverser/TraverserDeplaceFichier.cpp" />
		<Unit filename="src/tools/dir_traverser/TraverserSupprimeDossier.cpp" />
		<Unit filename="src/tools/dir_traverser/TraverserSupprimeFichier.cpp" />
		<Unit filename="src/tools/dnd/DnDCible.cpp" />
		<Unit filename="src/tools/dnd/DnDListeFichier.cpp" />
		<Unit filename="src/tools/dnd/MusicPlayListDnDBufferData.cpp" />
		<Extensions>
			<code_completion />
			<envvars set="default" />
			<debugger />
			<DoxyBlocks>
				<comment_style block="0" line="0" />
				<doxyfile_project project_number="3.7.2901" output_directory="doc" output_language="French" use_auto_version="1" />
				<doxyfile_build extract_all="1" extract_private="1" extract_static="1" />
				<doxyfile_warnings />
				<doxyfile_output html_help="1" />
				<doxyfile_dot class_diagrams="1" />
				<general use_at_in_tags="1" />
			</DoxyBlocks>
			<AutoVersioning>
				<Scheme minor_max="10" build_max="0" rev_max="0" rev_rand_max="10" build_times_to_increment_minor="1000" />
				<Settings autoincrement="1" date_declarations="1" use_define="0" update_manifest="1" do_auto_increment="1" ask_to_increment="0" language="C++" svn="0" svn_directory="" header_path="include/version.h" />
				<Changes_Log show_changes_editor="0" app_title="released version %M.%m.%b of %p" changeslog_path="ChangesLog.txt" />
				<Code header_guard="VERSION_H" namespace="AutoVersion" prefix="" />
			</AutoVersioning>
		</Extensions>
	</Project>
</CodeBlocks_project_file>
